// !$*UTF8*$!
{
	archiveVersion = 1;
	classes = {
	};
	objectVersion = 56;
	objects = {

/* Begin PBXBuildFile section */
		B92FF3C42D2910A80065F3C0 /* AppDelegate.swift in Sources */ = {isa = PBXBuildFile; fileRef = B92FF3C32D2910A80065F3C0 /* AppDelegate.swift */; };
		B92FF3C62D2910A80065F3C0 /* SceneDelegate.swift in Sources */ = {isa = PBXBuildFile; fileRef = B92FF3C52D2910A80065F3C0 /* SceneDelegate.swift */; };
		B92FF3C82D2910A80065F3C0 /* MyViewController.swift in Sources */ = {isa = PBXBuildFile; fileRef = B92FF3C72D2910A80065F3C0 /* MyViewController.swift */; };
		B92FF3CD2D2910AA0065F3C0 /* Assets.xcassets in Resources */ = {isa = PBXBuildFile; fileRef = B92FF3CC2D2910AA0065F3C0 /* Assets.xcassets */; };
		B92FF3D02D2910AA0065F3C0 /* Base in Resources */ = {isa = PBXBuildFile; fileRef = B92FF3CF2D2910AA0065F3C0 /* Base */; };
		B92FF3DE2D291D320065F3C0 /* ActionsTestsTests.swift in Sources */ = {isa = PBXBuildFile; fileRef = B92FF3DD2D291D320065F3C0 /* ActionsTestsTests.swift */; };
/* End PBXBuildFile section */

/* Begin PBXContainerItemProxy section */
		B92FF3DF2D291D320065F3C0 /* PBXContainerItemProxy */ = {
			isa = PBXContainerItemProxy;
			containerPortal = B92FF3B82D2910A80065F3C0 /* Project object */;
			proxyType = 1;
			remoteGlobalIDString = B92FF3BF2D2910A80065F3C0;
			remoteInfo = ActionsTests;
		};
/* End PBXContainerItemProxy section */

/* Begin PBXFileReference section */
		B92FF3C02D2910A80065F3C0 /* ActionsTests.app */ = {isa = PBXFileReference; explicitFileType = wrapper.application; includeInIndex = 0; path = ActionsTests.app; sourceTree = BUILT_PRODUCTS_DIR; };
		B92FF3C32D2910A80065F3C0 /* AppDelegate.swift */ = {isa = PBXFileReference; lastKnownFileType = sourcecode.swift; path = AppDelegate.swift; sourceTree = "<group>"; };
		B92FF3C52D2910A80065F3C0 /* SceneDelegate.swift */ = {isa = PBXFileReference; lastKnownFileType = sourcecode.swift; path = SceneDelegate.swift; sourceTree = "<group>"; };
		B92FF3C72D2910A80065F3C0 /* MyViewController.swift */ = {isa = PBXFileReference; lastKnownFileType = sourcecode.swift; path = MyViewController.swift; sourceTree = "<group>"; };
		B92FF3CC2D2910AA0065F3C0 /* Assets.xcassets */ = {isa = PBXFileReference; lastKnownFileType = folder.assetcatalog; path = Assets.xcassets; sourceTree = "<group>"; };
		B92FF3CF2D2910AA0065F3C0 /* Base */ = {isa = PBXFileReference; lastKnownFileType = file.storyboard; name = Base; path = Base.lproj/LaunchScreen.storyboard; sourceTree = "<group>"; };
		B92FF3D12D2910AA0065F3C0 /* Info.plist */ = {isa = PBXFileReference; lastKnownFileType = text.plist.xml; path = Info.plist; sourceTree = "<group>"; };
		B92FF3DB2D291D320065F3C0 /* ActionsTestsTests.xctest */ = {isa = PBXFileReference; explicitFileType = wrapper.cfbundle; includeInIndex = 0; path = ActionsTestsTests.xctest; sourceTree = BUILT_PRODUCTS_DIR; };
		B92FF3DD2D291D320065F3C0 /* ActionsTestsTests.swift */ = {isa = PBXFileReference; lastKnownFileType = sourcecode.swift; path = ActionsTestsTests.swift; sourceTree = "<group>"; };
/* End PBXFileReference section */

/* Begin PBXFrameworksBuildPhase section */
		B92FF3BD2D2910A80065F3C0 /* Frameworks */ = {
			isa = PBXFrameworksBuildPhase;
			buildActionMask = 2147483647;
			files = (
			);
			runOnlyForDeploymentPostprocessing = 0;
		};
		B92FF3D82D291D320065F3C0 /* Frameworks */ = {
			isa = PBXFrameworksBuildPhase;
			buildActionMask = 2147483647;
			files = (
			);
			runOnlyForDeploymentPostprocessing = 0;
		};
/* End PBXFrameworksBuildPhase section */

/* Begin PBXGroup section */
		B92FF3B72D2910A80065F3C0 = {
			isa = PBXGroup;
			children = (
				B92FF3C22D2910A80065F3C0 /* ActionsTests */,
				B92FF3DC2D291D320065F3C0 /* ActionsTestsTests */,
				B92FF3C12D2910A80065F3C0 /* Products */,
			);
			sourceTree = "<group>";
		};
		B92FF3C12D2910A80065F3C0 /* Products */ = {
			isa = PBXGroup;
			children = (
				B92FF3C02D2910A80065F3C0 /* ActionsTests.app */,
				B92FF3DB2D291D320065F3C0 /* ActionsTestsTests.xctest */,
			);
			name = Products;
			sourceTree = "<group>";
		};
		B92FF3C22D2910A80065F3C0 /* ActionsTests */ = {
			isa = PBXGroup;
			children = (
				B92FF3C32D2910A80065F3C0 /* AppDelegate.swift */,
				B92FF3C52D2910A80065F3C0 /* SceneDelegate.swift */,
				B92FF3C72D2910A80065F3C0 /* MyViewController.swift */,
				B92FF3CC2D2910AA0065F3C0 /* Assets.xcassets */,
				B92FF3CE2D2910AA0065F3C0 /* LaunchScreen.storyboard */,
				B92FF3D12D2910AA0065F3C0 /* Info.plist */,
			);
			path = ActionsTests;
			sourceTree = "<group>";
		};
		B92FF3DC2D291D320065F3C0 /* ActionsTestsTests */ = {
			isa = PBXGroup;
			children = (
				B92FF3DD2D291D320065F3C0 /* ActionsTestsTests.swift */,
			);
			path = ActionsTestsTests;
			sourceTree = "<group>";
		};
/* End PBXGroup section */

/* Begin PBXNativeTarget section */
		B92FF3BF2D2910A80065F3C0 /* ActionsTests */ = {
			isa = PBXNativeTarget;
			buildConfigurationList = B92FF3D42D2910AA0065F3C0 /* Build configuration list for PBXNativeTarget "ActionsTests" */;
			buildPhases = (
				B92FF3BC2D2910A80065F3C0 /* Sources */,
				B92FF3BD2D2910A80065F3C0 /* Frameworks */,
				B92FF3BE2D2910A80065F3C0 /* Resources */,
			);
			buildRules = (
			);
			dependencies = (
			);
			name = ActionsTests;
			productName = ActionsTests;
			productReference = B92FF3C02D2910A80065F3C0 /* ActionsTests.app */;
			productType = "com.apple.product-type.application";
		};
		B92FF3DA2D291D320065F3C0 /* ActionsTestsTests */ = {
			isa = PBXNativeTarget;
			buildConfigurationList = B92FF3E32D291D320065F3C0 /* Build configuration list for PBXNativeTarget "ActionsTestsTests" */;
			buildPhases = (
				B92FF3D72D291D320065F3C0 /* Sources */,
				B92FF3D82D291D320065F3C0 /* Frameworks */,
				B92FF3D92D291D320065F3C0 /* Resources */,
			);
			buildRules = (
			);
			dependencies = (
				B92FF3E02D291D320065F3C0 /* PBXTargetDependency */,
			);
			name = ActionsTestsTests;
			productName = ActionsTestsTests;
			productReference = B92FF3DB2D291D320065F3C0 /* ActionsTestsTests.xctest */;
			productType = "com.apple.product-type.bundle.unit-test";
		};
/* End PBXNativeTarget section */

/* Begin PBXProject section */
		B92FF3B82D2910A80065F3C0 /* Project object */ = {
			isa = PBXProject;
			attributes = {
				BuildIndependentTargetsInParallel = 1;
				LastSwiftUpdateCheck = 1540;
				LastUpgradeCheck = 1540;
				TargetAttributes = {
					B92FF3BF2D2910A80065F3C0 = {
						CreatedOnToolsVersion = 15.4;
					};
					B92FF3DA2D291D320065F3C0 = {
						CreatedOnToolsVersion = 15.4;
						TestTargetID = B92FF3BF2D2910A80065F3C0;
					};
				};
			};
			buildConfigurationList = B92FF3BB2D2910A80065F3C0 /* Build configuration list for PBXProject "ActionsTests" */;
			compatibilityVersion = "Xcode 14.0";
			developmentRegion = en;
			hasScannedForEncodings = 0;
			knownRegions = (
				en,
				Base,
			);
			mainGroup = B92FF3B72D2910A80065F3C0;
			productRefGroup = B92FF3C12D2910A80065F3C0 /* Products */;
			projectDirPath = "";
			projectRoot = "";
			targets = (
				B92FF3BF2D2910A80065F3C0 /* ActionsTests */,
				B92FF3DA2D291D320065F3C0 /* ActionsTestsTests */,
			);
		};
/* End PBXProject section */

/* Begin PBXResourcesBuildPhase section */
		B92FF3BE2D2910A80065F3C0 /* Resources */ = {
			isa = PBXResourcesBuildPhase;
			buildActionMask = 2147483647;
			files = (
				B92FF3CD2D2910AA0065F3C0 /* Assets.xcassets in Resources */,
				B92FF3D02D2910AA0065F3C0 /* Base in Resources */,
			);
			runOnlyForDeploymentPostprocessing = 0;
		};
		B92FF3D92D291D320065F3C0 /* Resources */ = {
			isa = PBXResourcesBuildPhase;
			buildActionMask = 2147483647;
			files = (
			);
			runOnlyForDeploymentPostprocessing = 0;
		};
/* End PBXResourcesBuildPhase section */

/* Begin PBXSourcesBuildPhase section */
		B92FF3BC2D2910A80065F3C0 /* Sources */ = {
			isa = PBXSourcesBuildPhase;
			buildActionMask = 2147483647;
			files = (
				B92FF3C82D2910A80065F3C0 /* MyViewController.swift in Sources */,
				B92FF3C42D2910A80065F3C0 /* AppDelegate.swift in Sources */,
				B92FF3C62D2910A80065F3C0 /* SceneDelegate.swift in Sources */,
			);
			runOnlyForDeploymentPostprocessing = 0;
		};
		B92FF3D72D291D320065F3C0 /* Sources */ = {
			isa = PBXSourcesBuildPhase;
			buildActionMask = 2147483647;
			files = (
				B92FF3DE2D291D320065F3C0 /* ActionsTestsTests.swift in Sources */,
			);
			runOnlyForDeploymentPostprocessing = 0;
		};
/* End PBXSourcesBuildPhase section */

/* Begin PBXTargetDependency section */
		B92FF3E02D291D320065F3C0 /* PBXTargetDependency */ = {
			isa = PBXTargetDependency;
			target = B92FF3BF2D2910A80065F3C0 /* ActionsTests */;
			targetProxy = B92FF3DF2D291D320065F3C0 /* PBXContainerItemProxy */;
		};
/* End PBXTargetDependency section */

/* Begin PBXVariantGroup section */
		B92FF3CE2D2910AA0065F3C0 /* LaunchScreen.storyboard */ = {
			isa = PBXVariantGroup;
			children = (
				B92FF3CF2D2910AA0065F3C0 /* Base */,
			);
			name = LaunchScreen.storyboard;
			sourceTree = "<group>";
		};
/* End PBXVariantGroup section */

/* Begin XCBuildConfiguration section */
		B92FF3D22D2910AA0065F3C0 /* Debug */ = {
			isa = XCBuildConfiguration;
			buildSettings = {
				ALWAYS_SEARCH_USER_PATHS = NO;
				ASSETCATALOG_COMPILER_GENERATE_SWIFT_ASSET_SYMBOL_EXTENSIONS = YES;
				CLANG_ANALYZER_NONNULL = YES;
				CLANG_ANALYZER_NUMBER_OBJECT_CONVERSION = YES_AGGRESSIVE;
				CLANG_CXX_LANGUAGE_STANDARD = "gnu++20";
				CLANG_ENABLE_MODULES = YES;
				CLANG_ENABLE_OBJC_ARC = YES;
				CLANG_ENABLE_OBJC_WEAK = YES;
				CLANG_WARN_BLOCK_CAPTURE_AUTORELEASING = YES;
				CLANG_WARN_BOOL_CONVERSION = YES;
				CLANG_WARN_COMMA = YES;
				CLANG_WARN_CONSTANT_CONVERSION = YES;
				CLANG_WARN_DEPRECATED_OBJC_IMPLEMENTATIONS = YES;
				CLANG_WARN_DIRECT_OBJC_ISA_USAGE = YES_ERROR;
				CLANG_WARN_DOCUMENTATION_COMMENTS = YES;
				CLANG_WARN_EMPTY_BODY = YES;
				CLANG_WARN_ENUM_CONVERSION = YES;
				CLANG_WARN_INFINITE_RECURSION = YES;
				CLANG_WARN_INT_CONVERSION = YES;
				CLANG_WARN_NON_LITERAL_NULL_CONVERSION = YES;
				CLANG_WARN_OBJC_IMPLICIT_RETAIN_SELF = YES;
				CLANG_WARN_OBJC_LITERAL_CONVERSION = YES;
				CLANG_WARN_OBJC_ROOT_CLASS = YES_ERROR;
				CLANG_WARN_QUOTED_INCLUDE_IN_FRAMEWORK_HEADER = YES;
				CLANG_WARN_RANGE_LOOP_ANALYSIS = YES;
				CLANG_WARN_STRICT_PROTOTYPES = YES;
				CLANG_WARN_SUSPICIOUS_MOVE = YES;
				CLANG_WARN_UNGUARDED_AVAILABILITY = YES_AGGRESSIVE;
				CLANG_WARN_UNREACHABLE_CODE = YES;
				CLANG_WARN__DUPLICATE_METHOD_MATCH = YES;
				COPY_PHASE_STRIP = NO;
				DEBUG_INFORMATION_FORMAT = dwarf;
				ENABLE_STRICT_OBJC_MSGSEND = YES;
				ENABLE_TESTABILITY = YES;
				ENABLE_USER_SCRIPT_SANDBOXING = YES;
				GCC_C_LANGUAGE_STANDARD = gnu17;
				GCC_DYNAMIC_NO_PIC = NO;
				GCC_NO_COMMON_BLOCKS = YES;
				GCC_OPTIMIZATION_LEVEL = 0;
				GCC_PREPROCESSOR_DEFINITIONS = (
					"DEBUG=1",
					"$(inherited)",
				);
				GCC_WARN_64_TO_32_BIT_CONVERSION = YES;
				GCC_WARN_ABOUT_RETURN_TYPE = YES_ERROR;
				GCC_WARN_UNDECLARED_SELECTOR = YES;
				GCC_WARN_UNINITIALIZED_AUTOS = YES_AGGRESSIVE;
				GCC_WARN_UNUSED_FUNCTION = YES;
				GCC_WARN_UNUSED_VARIABLE = YES;
				IPHONEOS_DEPLOYMENT_TARGET = 17.5;
				LOCALIZATION_PREFERS_STRING_CATALOGS = YES;
				MTL_ENABLE_DEBUG_INFO = INCLUDE_SOURCE;
				MTL_FAST_MATH = YES;
				ONLY_ACTIVE_ARCH = YES;
				SDKROOT = iphoneos;
				SWIFT_ACTIVE_COMPILATION_CONDITIONS = "DEBUG $(inherited)";
				SWIFT_OPTIMIZATION_LEVEL = "-Onone";
			};
			name = Debug;
		};
		B92FF3D32D2910AA0065F3C0 /* Release */ = {
			isa = XCBuildConfiguration;
			buildSettings = {
				ALWAYS_SEARCH_USER_PATHS = NO;
				ASSETCATALOG_COMPILER_GENERATE_SWIFT_ASSET_SYMBOL_EXTENSIONS = YES;
				CLANG_ANALYZER_NONNULL = YES;
				CLANG_ANALYZER_NUMBER_OBJECT_CONVERSION = YES_AGGRESSIVE;
				CLANG_CXX_LANGUAGE_STANDARD = "gnu++20";
				CLANG_ENABLE_MODULES = YES;
				CLANG_ENABLE_OBJC_ARC = YES;
				CLANG_ENABLE_OBJC_WEAK = YES;
				CLANG_WARN_BLOCK_CAPTURE_AUTORELEASING = YES;
				CLANG_WARN_BOOL_CONVERSION = YES;
				CLANG_WARN_COMMA = YES;
				CLANG_WARN_CONSTANT_CONVERSION = YES;
				CLANG_WARN_DEPRECATED_OBJC_IMPLEMENTATIONS = YES;
				CLANG_WARN_DIRECT_OBJC_ISA_USAGE = YES_ERROR;
				CLANG_WARN_DOCUMENTATION_COMMENTS = YES;
				CLANG_WARN_EMPTY_BODY = YES;
				CLANG_WARN_ENUM_CONVERSION = YES;
				CLANG_WARN_INFINITE_RECURSION = YES;
				CLANG_WARN_INT_CONVERSION = YES;
				CLANG_WARN_NON_LITERAL_NULL_CONVERSION = YES;
				CLANG_WARN_OBJC_IMPLICIT_RETAIN_SELF = YES;
				CLANG_WARN_OBJC_LITERAL_CONVERSION = YES;
				CLANG_WARN_OBJC_ROOT_CLASS = YES_ERROR;
				CLANG_WARN_QUOTED_INCLUDE_IN_FRAMEWORK_HEADER = YES;
				CLANG_WARN_RANGE_LOOP_ANALYSIS = YES;
				CLANG_WARN_STRICT_PROTOTYPES = YES;
				CLANG_WARN_SUSPICIOUS_MOVE = YES;
				CLANG_WARN_UNGUARDED_AVAILABILITY = YES_AGGRESSIVE;
				CLANG_WARN_UNREACHABLE_CODE = YES;
				CLANG_WARN__DUPLICATE_METHOD_MATCH = YES;
				COPY_PHASE_STRIP = NO;
				DEBUG_INFORMATION_FORMAT = "dwarf-with-dsym";
				ENABLE_NS_ASSERTIONS = NO;
				ENABLE_STRICT_OBJC_MSGSEND = YES;
				ENABLE_USER_SCRIPT_SANDBOXING = YES;
				GCC_C_LANGUAGE_STANDARD = gnu17;
				GCC_NO_COMMON_BLOCKS = YES;
				GCC_WARN_64_TO_32_BIT_CONVERSION = YES;
				GCC_WARN_ABOUT_RETURN_TYPE = YES_ERROR;
				GCC_WARN_UNDECLARED_SELECTOR = YES;
				GCC_WARN_UNINITIALIZED_AUTOS = YES_AGGRESSIVE;
				GCC_WARN_UNUSED_FUNCTION = YES;
				GCC_WARN_UNUSED_VARIABLE = YES;
				IPHONEOS_DEPLOYMENT_TARGET = 17.5;
				LOCALIZATION_PREFERS_STRING_CATALOGS = YES;
				MTL_ENABLE_DEBUG_INFO = NO;
				MTL_FAST_MATH = YES;
				SDKROOT = iphoneos;
				SWIFT_COMPILATION_MODE = wholemodule;
				VALIDATE_PRODUCT = YES;
			};
			name = Release;
		};
		B92FF3D52D2910AA0065F3C0 /* Debug */ = {
			isa = XCBuildConfiguration;
			buildSettings = {
				ASSETCATALOG_COMPILER_APPICON_NAME = AppIcon;
				ASSETCATALOG_COMPILER_GLOBAL_ACCENT_COLOR_NAME = AccentColor;
				CODE_SIGN_STYLE = Automatic;
				CURRENT_PROJECT_VERSION = 1;
				DEVELOPMENT_TEAM = HD5QFP6NH3;
				GENERATE_INFOPLIST_FILE = YES;
				INFOPLIST_FILE = ActionsTests/Info.plist;
				INFOPLIST_KEY_UIApplicationSupportsIndirectInputEvents = YES;
				INFOPLIST_KEY_UILaunchStoryboardName = LaunchScreen;
				INFOPLIST_KEY_UISupportedInterfaceOrientations_iPad = "UIInterfaceOrientationPortrait UIInterfaceOrientationPortraitUpsideDown UIInterfaceOrientationLandscapeLeft UIInterfaceOrientationLandscapeRight";
				INFOPLIST_KEY_UISupportedInterfaceOrientations_iPhone = "UIInterfaceOrientationPortrait UIInterfaceOrientationLandscapeLeft UIInterfaceOrientationLandscapeRight";
				LD_RUNPATH_SEARCH_PATHS = (
					"$(inherited)",
					"@executable_path/Frameworks",
				);
				MARKETING_VERSION = 1.0;
				PRODUCT_BUNDLE_IDENTIFIER = myAppHere.ActionsTests;
				PRODUCT_NAME = "$(TARGET_NAME)";
				SWIFT_EMIT_LOC_STRINGS = YES;
				SWIFT_VERSION = 5.0;
				TARGETED_DEVICE_FAMILY = "1,2";
			};
			name = Debug;
		};
		B92FF3D62D2910AA0065F3C0 /* Release */ = {
			isa = XCBuildConfiguration;
			buildSettings = {
				ASSETCATALOG_COMPILER_APPICON_NAME = AppIcon;
				ASSETCATALOG_COMPILER_GLOBAL_ACCENT_COLOR_NAME = AccentColor;
				CODE_SIGN_STYLE = Automatic;
				CURRENT_PROJECT_VERSION = 1;
				DEVELOPMENT_TEAM = HD5QFP6NH3;
				GENERATE_INFOPLIST_FILE = YES;
				INFOPLIST_FILE = ActionsTests/Info.plist;
				INFOPLIST_KEY_UIApplicationSupportsIndirectInputEvents = YES;
				INFOPLIST_KEY_UILaunchStoryboardName = LaunchScreen;
				INFOPLIST_KEY_UISupportedInterfaceOrientations_iPad = "UIInterfaceOrientationPortrait UIInterfaceOrientationPortraitUpsideDown UIInterfaceOrientationLandscapeLeft UIInterfaceOrientationLandscapeRight";
				INFOPLIST_KEY_UISupportedInterfaceOrientations_iPhone = "UIInterfaceOrientationPortrait UIInterfaceOrientationLandscapeLeft UIInterfaceOrientationLandscapeRight";
				LD_RUNPATH_SEARCH_PATHS = (
					"$(inherited)",
					"@executable_path/Frameworks",
				);
				MARKETING_VERSION = 1.0;
				PRODUCT_BUNDLE_IDENTIFIER = myAppHere.ActionsTests;
				PRODUCT_NAME = "$(TARGET_NAME)";
				SWIFT_EMIT_LOC_STRINGS = YES;
				SWIFT_VERSION = 5.0;
				TARGETED_DEVICE_FAMILY = "1,2";
			};
			name = Release;
		};
		B92FF3E12D291D320065F3C0 /* Debug */ = {
			isa = XCBuildConfiguration;
			buildSettings = {
				BUNDLE_LOADER = "$(TEST_HOST)";
				CODE_SIGN_IDENTITY = "Apple Development";
				"CODE_SIGN_IDENTITY[sdk=macosx*]" = "-";
				CODE_SIGN_STYLE = Automatic;
				CURRENT_PROJECT_VERSION = 1;
				DEVELOPMENT_TEAM = HD5QFP6NH3;
				GENERATE_INFOPLIST_FILE = YES;
				MARKETING_VERSION = 1.0;
				PRODUCT_BUNDLE_IDENTIFIER = myAppHere.ActionsTestsTests;
				PRODUCT_NAME = "$(TARGET_NAME)";
				PROVISIONING_PROFILE_SPECIFIER = "";
				SWIFT_EMIT_LOC_STRINGS = NO;
				SWIFT_VERSION = 5.0;
				TARGETED_DEVICE_FAMILY = "1,2";
				TEST_HOST = "$(BUILT_PRODUCTS_DIR)/ActionsTests.app/$(BUNDLE_EXECUTABLE_FOLDER_PATH)/ActionsTests";
			};
			name = Debug;
		};
		B92FF3E22D291D320065F3C0 /* Release */ = {
			isa = XCBuildConfiguration;
			buildSettings = {
				BUNDLE_LOADER = "$(TEST_HOST)";
				CODE_SIGN_IDENTITY = "Apple Development";
				"CODE_SIGN_IDENTITY[sdk=macosx*]" = "-";
				CODE_SIGN_STYLE = Automatic;
				CURRENT_PROJECT_VERSION = 1;
				DEVELOPMENT_TEAM = HD5QFP6NH3;
				GENERATE_INFOPLIST_FILE = YES;
				MARKETING_VERSION = 1.0;
				PRODUCT_BUNDLE_IDENTIFIER = myAppHere.ActionsTestsTests;
				PRODUCT_NAME = "$(TARGET_NAME)";
				PROVISIONING_PROFILE_SPECIFIER = "";
				SWIFT_EMIT_LOC_STRINGS = NO;
				SWIFT_VERSION = 5.0;
				TARGETED_DEVICE_FAMILY = "1,2";
				TEST_HOST = "$(BUILT_PRODUCTS_DIR)/ActionsTests.app/$(BUNDLE_EXECUTABLE_FOLDER_PATH)/ActionsTests";
			};
			name = Release;
		};
/* End XCBuildConfiguration section */

/* Begin XCConfigurationList section */
		B92FF3BB2D2910A80065F3C0 /* Build configuration list for PBXProject "ActionsTests" */ = {
			isa = XCConfigurationList;
			buildConfigurations = (
				B92FF3D22D2910AA0065F3C0 /* Debug */,
				B92FF3D32D2910AA0065F3C0 /* Release */,
			);
			defaultConfigurationIsVisible = 0;
			defaultConfigurationName = Release;
		};
		B92FF3D42D2910AA0065F3C0 /* Build configuration list for PBXNativeTarget "ActionsTests" */ = {
			isa = XCConfigurationList;
			buildConfigurations = (
				B92FF3D52D2910AA0065F3C0 /* Debug */,
				B92FF3D62D2910AA0065F3C0 /* Release */,
			);
			defaultConfigurationIsVisible = 0;
			defaultConfigurationName = Release;
		};
		B92FF3E32D291D320065F3C0 /* Build configuration list for PBXNativeTarget "ActionsTestsTests" */ = {
			isa = XCConfigurationList;
			buildConfigurations = (
				B92FF3E12D291D320065F3C0 /* Debug */,
				B92FF3E22D291D320065F3C0 /* Release */,
			);
			defaultConfigurationIsVisible = 0;
			defaultConfigurationName = Release;
		};
/* End XCConfigurationList section */
	};
	rootObject = B92FF3B82D2910A80065F3C0 /* Project object */;
}
